// !$*UTF8*$!
{
	archiveVersion = 1;
	classes = {
	};
	objectVersion = 46;
	objects = {

/* Begin PBXBuildFile section */
		C632473319F69CFB00B8D7FE /* main.m in Sources */ = {isa = PBXBuildFile; fileRef = C632473219F69CFB00B8D7FE /* main.m */; };
		C632473619F69CFB00B8D7FE /* AppDelegate.m in Sources */ = {isa = PBXBuildFile; fileRef = C632473519F69CFB00B8D7FE /* AppDelegate.m */; };
		C632473919F69CFB00B8D7FE /* Coosal_Menu.xcdatamodeld in Sources */ = {isa = PBXBuildFile; fileRef = C632473719F69CFB00B8D7FE /* Coosal_Menu.xcdatamodeld */; };
		C632473C19F69CFB00B8D7FE /* ViewController.m in Sources */ = {isa = PBXBuildFile; fileRef = C632473B19F69CFB00B8D7FE /* ViewController.m */; };
		C632473F19F69CFB00B8D7FE /* Main.storyboard in Resources */ = {isa = PBXBuildFile; fileRef = C632473D19F69CFB00B8D7FE /* Main.storyboard */; };
		C632474119F69CFB00B8D7FE /* Images.xcassets in Resources */ = {isa = PBXBuildFile; fileRef = C632474019F69CFB00B8D7FE /* Images.xcassets */; };
		C632474419F69CFB00B8D7FE /* LaunchScreen.xib in Resources */ = {isa = PBXBuildFile; fileRef = C632474219F69CFB00B8D7FE /* LaunchScreen.xib */; };
		C632475019F69CFB00B8D7FE /* Coosal_MenuTests.m in Sources */ = {isa = PBXBuildFile; fileRef = C632474F19F69CFB00B8D7FE /* Coosal_MenuTests.m */; };
/* End PBXBuildFile section */

/* Begin PBXContainerItemProxy section */
		C632474A19F69CFB00B8D7FE /* PBXContainerItemProxy */ = {
			isa = PBXContainerItemProxy;
			containerPortal = C632472519F69CFB00B8D7FE /* Project object */;
			proxyType = 1;
			remoteGlobalIDString = C632472C19F69CFB00B8D7FE;
			remoteInfo = "Coosal-Menu";
		};
/* End PBXContainerItemProxy section */

/* Begin PBXFileReference section */
		C632472D19F69CFB00B8D7FE /* Coosal-Menu.app */ = {isa = PBXFileReference; explicitFileType = wrapper.application; includeInIndex = 0; path = "Coosal-Menu.app"; sourceTree = BUILT_PRODUCTS_DIR; };
		C632473119F69CFB00B8D7FE /* Info.plist */ = {isa = PBXFileReference; lastKnownFileType = text.plist.xml; path = Info.plist; sourceTree = "<group>"; };
		C632473219F69CFB00B8D7FE /* main.m */ = {isa = PBXFileReference; lastKnownFileType = sourcecode.c.objc; path = main.m; sourceTree = "<group>"; };
		C632473419F69CFB00B8D7FE /* AppDelegate.h */ = {isa = PBXFileReference; lastKnownFileType = sourcecode.c.h; path = AppDelegate.h; sourceTree = "<group>"; };
		C632473519F69CFB00B8D7FE /* AppDelegate.m */ = {isa = PBXFileReference; lastKnownFileType = sourcecode.c.objc; path = AppDelegate.m; sourceTree = "<group>"; };
		C632473819F69CFB00B8D7FE /* Coosal_Menu.xcdatamodel */ = {isa = PBXFileReference; lastKnownFileType = wrapper.xcdatamodel; path = Coosal_Menu.xcdatamodel; sourceTree = "<group>"; };
		C632473A19F69CFB00B8D7FE /* ViewController.h */ = {isa = PBXFileReference; lastKnownFileType = sourcecode.c.h; path = ViewController.h; sourceTree = "<group>"; };
		C632473B19F69CFB00B8D7FE /* ViewController.m */ = {isa = PBXFileReference; lastKnownFileType = sourcecode.c.objc; path = ViewController.m; sourceTree = "<group>"; };
		C632473E19F69CFB00B8D7FE /* Base */ = {isa = PBXFileReference; lastKnownFileType = file.storyboard; name = Base; path = Base.lproj/Main.storyboard; sourceTree = "<group>"; };
		C632474019F69CFB00B8D7FE /* Images.xcassets */ = {isa = PBXFileReference; lastKnownFileType = folder.assetcatalog; path = Images.xcassets; sourceTree = "<group>"; };
		C632474319F69CFB00B8D7FE /* Base */ = {isa = PBXFileReference; lastKnownFileType = file.xib; name = Base; path = Base.lproj/LaunchScreen.xib; sourceTree = "<group>"; };
		C632474919F69CFB00B8D7FE /* Coosal-MenuTests.xctest */ = {isa = PBXFileReference; explicitFileType = wrapper.cfbundle; includeInIndex = 0; path = "Coosal-MenuTests.xctest"; sourceTree = BUILT_PRODUCTS_DIR; };
		C632474E19F69CFB00B8D7FE /* Info.plist */ = {isa = PBXFileReference; lastKnownFileType = text.plist.xml; path = Info.plist; sourceTree = "<group>"; };
		C632474F19F69CFB00B8D7FE /* Coosal_MenuTests.m */ = {isa = PBXFileReference; lastKnownFileType = sourcecode.c.objc; path = Coosal_MenuTests.m; sourceTree = "<group>"; };
/* End PBXFileReference section */

/* Begin PBXFrameworksBuildPhase section */
		C632472A19F69CFB00B8D7FE /* Frameworks */ = {
			isa = PBXFrameworksBuildPhase;
			buildActionMask = 2147483647;
			files = (
			);
			runOnlyForDeploymentPostprocessing = 0;
		};
		C632474619F69CFB00B8D7FE /* Frameworks */ = {
			isa = PBXFrameworksBuildPhase;
			buildActionMask = 2147483647;
			files = (
			);
			runOnlyForDeploymentPostprocessing = 0;
		};
/* End PBXFrameworksBuildPhase section */

/* Begin PBXGroup section */
		C632472419F69CFB00B8D7FE = {
			isa = PBXGroup;
			children = (
				C632472F19F69CFB00B8D7FE /* Coosal-Menu */,
				C632474C19F69CFB00B8D7FE /* Coosal-MenuTests */,
				C632472E19F69CFB00B8D7FE /* Products */,
			);
			sourceTree = "<group>";
		};
		C632472E19F69CFB00B8D7FE /* Products */ = {
			isa = PBXGroup;
			children = (
				C632472D19F69CFB00B8D7FE /* Coosal-Menu.app */,
				C632474919F69CFB00B8D7FE /* Coosal-MenuTests.xctest */,
			);
			name = Products;
			sourceTree = "<group>";
		};
		C632472F19F69CFB00B8D7FE /* Coosal-Menu */ = {
			isa = PBXGroup;
			children = (
				C632473419F69CFB00B8D7FE /* AppDelegate.h */,
				C632473519F69CFB00B8D7FE /* AppDelegate.m */,
				C632473A19F69CFB00B8D7FE /* ViewController.h */,
				C632473B19F69CFB00B8D7FE /* ViewController.m */,
				C632473D19F69CFB00B8D7FE /* Main.storyboard */,
				C632474019F69CFB00B8D7FE /* Images.xcassets */,
				C632474219F69CFB00B8D7FE /* LaunchScreen.xib */,
				C632473719F69CFB00B8D7FE /* Coosal_Menu.xcdatamodeld */,
				C632473019F69CFB00B8D7FE /* Supporting Files */,
			);
			path = "Coosal-Menu";
			sourceTree = "<group>";
		};
		C632473019F69CFB00B8D7FE /* Supporting Files */ = {
			isa = PBXGroup;
			children = (
				C632473119F69CFB00B8D7FE /* Info.plist */,
				C632473219F69CFB00B8D7FE /* main.m */,
			);
			name = "Supporting Files";
			sourceTree = "<group>";
		};
		C632474C19F69CFB00B8D7FE /* Coosal-MenuTests */ = {
			isa = PBXGroup;
			children = (
				C632474F19F69CFB00B8D7FE /* Coosal_MenuTests.m */,
				C632474D19F69CFB00B8D7FE /* Supporting Files */,
			);
			path = "Coosal-MenuTests";
			sourceTree = "<group>";
		};
		C632474D19F69CFB00B8D7FE /* Supporting Files */ = {
			isa = PBXGroup;
			children = (
				C632474E19F69CFB00B8D7FE /* Info.plist */,
			);
			name = "Supporting Files";
			sourceTree = "<group>";
		};
/* End PBXGroup section */

/* Begin PBXNativeTarget section */
		C632472C19F69CFB00B8D7FE /* Coosal-Menu */ = {
			isa = PBXNativeTarget;
			buildConfigurationList = C632475319F69CFB00B8D7FE /* Build configuration list for PBXNativeTarget "Coosal-Menu" */;
			buildPhases = (
				C632472919F69CFB00B8D7FE /* Sources */,
				C632472A19F69CFB00B8D7FE /* Frameworks */,
				C632472B19F69CFB00B8D7FE /* Resources */,
			);
			buildRules = (
			);
			dependencies = (
			);
			name = "Coosal-Menu";
			productName = "Coosal-Menu";
			productReference = C632472D19F69CFB00B8D7FE /* Coosal-Menu.app */;
			productType = "com.apple.product-type.application";
		};
		C632474819F69CFB00B8D7FE /* Coosal-MenuTests */ = {
			isa = PBXNativeTarget;
			buildConfigurationList = C632475619F69CFB00B8D7FE /* Build configuration list for PBXNativeTarget "Coosal-MenuTests" */;
			buildPhases = (
				C632474519F69CFB00B8D7FE /* Sources */,
				C632474619F69CFB00B8D7FE /* Frameworks */,
				C632474719F69CFB00B8D7FE /* Resources */,
			);
			buildRules = (
			);
			dependencies = (
				C632474B19F69CFB00B8D7FE /* PBXTargetDependency */,
			);
			name = "Coosal-MenuTests";
			productName = "Coosal-MenuTests";
			productReference = C632474919F69CFB00B8D7FE /* Coosal-MenuTests.xctest */;
			productType = "com.apple.product-type.bundle.unit-test";
		};
/* End PBXNativeTarget section */

/* Begin PBXProject section */
		C632472519F69CFB00B8D7FE /* Project object */ = {
			isa = PBXProject;
			attributes = {
				LastUpgradeCheck = 0600;
				ORGANIZATIONNAME = Coosal;
				TargetAttributes = {
					C632472C19F69CFB00B8D7FE = {
						CreatedOnToolsVersion = 6.0.1;
					};
					C632474819F69CFB00B8D7FE = {
						CreatedOnToolsVersion = 6.0.1;
						TestTargetID = C632472C19F69CFB00B8D7FE;
					};
				};
			};
			buildConfigurationList = C632472819F69CFB00B8D7FE /* Build configuration list for PBXProject "Coosal-Menu" */;
			compatibilityVersion = "Xcode 3.2";
			developmentRegion = English;
			hasScannedForEncodings = 0;
			knownRegions = (
				en,
				Base,
			);
			mainGroup = C632472419F69CFB00B8D7FE;
			productRefGroup = C632472E19F69CFB00B8D7FE /* Products */;
			projectDirPath = "";
			projectRoot = "";
			targets = (
				C632472C19F69CFB00B8D7FE /* Coosal-Menu */,
				C632474819F69CFB00B8D7FE /* Coosal-MenuTests */,
			);
		};
/* End PBXProject section */

/* Begin PBXResourcesBuildPhase section */
		C632472B19F69CFB00B8D7FE /* Resources */ = {
			isa = PBXResourcesBuildPhase;
			buildActionMask = 2147483647;
			files = (
				C632473F19F69CFB00B8D7FE /* Main.storyboard in Resources */,
				C632474419F69CFB00B8D7FE /* LaunchScreen.xib in Resources */,
				C632474119F69CFB00B8D7FE /* Images.xcassets in Resources */,
			);
			runOnlyForDeploymentPostprocessing = 0;
		};
		C632474719F69CFB00B8D7FE /* Resources */ = {
			isa = PBXResourcesBuildPhase;
			buildActionMask = 2147483647;
			files = (
			);
			runOnlyForDeploymentPostprocessing = 0;
		};
/* End PBXResourcesBuildPhase section */

/* Begin PBXSourcesBuildPhase section */
		C632472919F69CFB00B8D7FE /* Sources */ = {
			isa = PBXSourcesBuildPhase;
			buildActionMask = 2147483647;
			files = (
				C632473619F69CFB00B8D7FE /* AppDelegate.m in Sources */,
				C632473919F69CFB00B8D7FE /* Coosal_Menu.xcdatamodeld in Sources */,
				C632473C19F69CFB00B8D7FE /* ViewController.m in Sources */,
				C632473319F69CFB00B8D7FE /* main.m in Sources */,
			);
			runOnlyForDeploymentPostprocessing = 0;
		};
		C632474519F69CFB00B8D7FE /* Sources */ = {
			isa = PBXSourcesBuildPhase;
			buildActionMask = 2147483647;
			files = (
				C632475019F69CFB00B8D7FE /* Coosal_MenuTests.m in Sources */,
			);
			runOnlyForDeploymentPostprocessing = 0;
		};
/* End PBXSourcesBuildPhase section */

/* Begin PBXTargetDependency section */
		C632474B19F69CFB00B8D7FE /* PBXTargetDependency */ = {
			isa = PBXTargetDependency;
			target = C632472C19F69CFB00B8D7FE /* Coosal-Menu */;
			targetProxy = C632474A19F69CFB00B8D7FE /* PBXContainerItemProxy */;
		};
/* End PBXTargetDependency section */

/* Begin PBXVariantGroup section */
		C632473D19F69CFB00B8D7FE /* Main.storyboard */ = {
			isa = PBXVariantGroup;
			children = (
				C632473E19F69CFB00B8D7FE /* Base */,
			);
			name = Main.storyboard;
			sourceTree = "<group>";
		};
		C632474219F69CFB00B8D7FE /* LaunchScreen.xib */ = {
			isa = PBXVariantGroup;
			children = (
				C632474319F69CFB00B8D7FE /* Base */,
			);
			name = LaunchScreen.xib;
			sourceTree = "<group>";
		};
/* End PBXVariantGroup section */

/* Begin XCBuildConfiguration section */
		C632475119F69CFB00B8D7FE /* Debug */ = {
			isa = XCBuildConfiguration;
			buildSettings = {
				ALWAYS_SEARCH_USER_PATHS = NO;
				CLANG_CXX_LANGUAGE_STANDARD = "gnu++0x";
				CLANG_CXX_LIBRARY = "libc++";
				CLANG_ENABLE_MODULES = YES;
				CLANG_ENABLE_OBJC_ARC = YES;
				CLANG_WARN_BOOL_CONVERSION = YES;
				CLANG_WARN_CONSTANT_CONVERSION = YES;
				CLANG_WARN_DIRECT_OBJC_ISA_USAGE = YES_ERROR;
				CLANG_WARN_EMPTY_BODY = YES;
				CLANG_WARN_ENUM_CONVERSION = YES;
				CLANG_WARN_INT_CONVERSION = YES;
				CLANG_WARN_OBJC_ROOT_CLASS = YES_ERROR;
				CLANG_WARN_UNREACHABLE_CODE = YES;
				CLANG_WARN__DUPLICATE_METHOD_MATCH = YES;
				"CODE_SIGN_IDENTITY[sdk=iphoneos*]" = "iPhone Developer";
				COPY_PHASE_STRIP = NO;
				ENABLE_STRICT_OBJC_MSGSEND = YES;
				GCC_C_LANGUAGE_STANDARD = gnu99;
				GCC_DYNAMIC_NO_PIC = NO;
				GCC_OPTIMIZATION_LEVEL = 0;
				GCC_PREPROCESSOR_DEFINITIONS = (
					"DEBUG=1",
					"$(inherited)",
				);
				GCC_SYMBOLS_PRIVATE_EXTERN = NO;
				GCC_WARN_64_TO_32_BIT_CONVERSION = YES;
				GCC_WARN_ABOUT_RETURN_TYPE = YES_ERROR;
				GCC_WARN_UNDECLARED_SELECTOR = YES;
				GCC_WARN_UNINITIALIZED_AUTOS = YES_AGGRESSIVE;
				GCC_WARN_UNUSED_FUNCTION = YES;
				GCC_WARN_UNUSED_VARIABLE = YES;
				IPHONEOS_DEPLOYMENT_TARGET = 8.0;
				MTL_ENABLE_DEBUG_INFO = YES;
				ONLY_ACTIVE_ARCH = YES;
				SDKROOT = iphoneos;
				TARGETED_DEVICE_FAMILY = 2;
			};
			name = Debug;
		};
		C632475219F69CFB00B8D7FE /* Release */ = {
			isa = XCBuildConfiguration;
			buildSettings = {
				ALWAYS_SEARCH_USER_PATHS = NO;
				CLANG_CXX_LANGUAGE_STANDARD = "gnu++0x";
				CLANG_CXX_LIBRARY = "libc++";
				CLANG_ENABLE_MODULES = YES;
				CLANG_ENABLE_OBJC_ARC = YES;
				CLANG_WARN_BOOL_CONVERSION = YES;
				CLANG_WARN_CONSTANT_CONVERSION = YES;
				CLANG_WARN_DIRECT_OBJC_ISA_USAGE = YES_ERROR;
				CLANG_WARN_EMPTY_BODY = YES;
				CLANG_WARN_ENUM_CONVERSION = YES;
				CLANG_WARN_INT_CONVERSION = YES;
				CLANG_WARN_OBJC_ROOT_CLASS = YES_ERROR;
				CLANG_WARN_UNREACHABLE_CODE = YES;
				CLANG_WARN__DUPLICATE_METHOD_MATCH = YES;
				"CODE_SIGN_IDENTITY[sdk=iphoneos*]" = "iPhone Developer";
				COPY_PHASE_STRIP = YES;
				ENABLE_NS_ASSERTIONS = NO;
				ENABLE_STRICT_OBJC_MSGSEND = YES;
				GCC_C_LANGUAGE_STANDARD = gnu99;
				GCC_WARN_64_TO_32_BIT_CONVERSION = YES;
				GCC_WARN_ABOUT_RETURN_TYPE = YES_ERROR;
				GCC_WARN_UNDECLARED_SELECTOR = YES;
				GCC_WARN_UNINITIALIZED_AUTOS = YES_AGGRESSIVE;
				GCC_WARN_UNUSED_FUNCTION = YES;
				GCC_WARN_UNUSED_VARIABLE = YES;
				IPHONEOS_DEPLOYMENT_TARGET = 8.0;
				MTL_ENABLE_DEBUG_INFO = NO;
				SDKROOT = iphoneos;
				TARGETED_DEVICE_FAMILY = 2;
				VALIDATE_PRODUCT = YES;
			};
			name = Release;
		};
		C632475419F69CFB00B8D7FE /* Debug */ = {
			isa = XCBuildConfiguration;
			buildSettings = {
				ASSETCATALOG_COMPILER_APPICON_NAME = AppIcon;
				INFOPLIST_FILE = "Coosal-Menu/Info.plist";
				LD_RUNPATH_SEARCH_PATHS = "$(inherited) @executable_path/Frameworks";
				PRODUCT_NAME = "$(TARGET_NAME)";
			};
			name = Debug;
		};
		C632475519F69CFB00B8D7FE /* Release */ = {
			isa = XCBuildConfiguration;
			buildSettings = {
				ASSETCATALOG_COMPILER_APPICON_NAME = AppIcon;
				INFOPLIST_FILE = "Coosal-Menu/Info.plist";
				LD_RUNPATH_SEARCH_PATHS = "$(inherited) @executable_path/Frameworks";
				PRODUCT_NAME = "$(TARGET_NAME)";
			};
			name = Release;
		};
		C632475719F69CFB00B8D7FE /* Debug */ = {
			isa = XCBuildConfiguration;
			buildSettings = {
				BUNDLE_LOADER = "$(TEST_HOST)";
				FRAMEWORK_SEARCH_PATHS = (
					"$(SDKROOT)/Developer/Library/Frameworks",
					"$(inherited)",
				);
				GCC_PREPROCESSOR_DEFINITIONS = (
					"DEBUG=1",
					"$(inherited)",
				);
				INFOPLIST_FILE = "Coosal-MenuTests/Info.plist";
				LD_RUNPATH_SEARCH_PATHS = "$(inherited) @executable_path/Frameworks @loader_path/Frameworks";
				PRODUCT_NAME = "$(TARGET_NAME)";
				TEST_HOST = "$(BUILT_PRODUCTS_DIR)/Coosal-Menu.app/Coosal-Menu";
			};
			name = Debug;
		};
		C632475819F69CFB00B8D7FE /* Release */ = {
			isa = XCBuildConfiguration;
			buildSettings = {
				BUNDLE_LOADER = "$(TEST_HOST)";
				FRAMEWORK_SEARCH_PATHS = (
					"$(SDKROOT)/Developer/Library/Frameworks",
					"$(inherited)",
				);
				INFOPLIST_FILE = "Coosal-MenuTests/Info.plist";
				LD_RUNPATH_SEARCH_PATHS = "$(inherited) @executable_path/Frameworks @loader_path/Frameworks";
				PRODUCT_NAME = "$(TARGET_NAME)";
				TEST_HOST = "$(BUILT_PRODUCTS_DIR)/Coosal-Menu.app/Coosal-Menu";
			};
			name = Release;
		};
/* End XCBuildConfiguration section */

/* Begin XCConfigurationList section */
		C632472819F69CFB00B8D7FE /* Build configuration list for PBXProject "Coosal-Menu" */ = {
			isa = XCConfigurationList;
			buildConfigurations = (
				C632475119F69CFB00B8D7FE /* Debug */,
				C632475219F69CFB00B8D7FE /* Release */,
			);
			defaultConfigurationIsVisible = 0;
			defaultConfigurationName = Release;
		};
		C632475319F69CFB00B8D7FE /* Build configuration list for PBXNativeTarget "Coosal-Menu" */ = {
			isa = XCConfigurationList;
			buildConfigurations = (
				C632475419F69CFB00B8D7FE /* Debug */,
				C632475519F69CFB00B8D7FE /* Release */,
			);
			defaultConfigurationIsVisible = 0;
		};
		C632475619F69CFB00B8D7FE /* Build configuration list for PBXNativeTarget "Coosal-MenuTests" */ = {
			isa = XCConfigurationList;
			buildConfigurations = (
				C632475719F69CFB00B8D7FE /* Debug */,
				C632475819F69CFB00B8D7FE /* Release */,
			);
			defaultConfigurationIsVisible = 0;
		};
/* End XCConfigurationList section */

/* Begin XCVersionGroup section */
		C632473719F69CFB00B8D7FE /* Coosal_Menu.xcdatamodeld */ = {
			isa = XCVersionGroup;
			children = (
				C632473819F69CFB00B8D7FE /* Coosal_Menu.xcdatamodel */,
			);
			currentVersion = C632473819F69CFB00B8D7FE /* Coosal_Menu.xcdatamodel */;
			path = Coosal_Menu.xcdatamodeld;
			sourceTree = "<group>";
			versionGroupType = wrapper.xcdatamodel;
		};
/* End XCVersionGroup section */
	};
	rootObject = C632472519F69CFB00B8D7FE /* Project object */;
}
